// !$*UTF8*$!
{
	archiveVersion = 1;
	classes = {
	};
	objectVersion = 55;
	objects = {

/* Begin PBXBuildFile section */
		804394782ACAA143009305C2 /* ViewControllerProvider.m in Sources */ = {isa = PBXBuildFile; fileRef = 804394772ACAA143009305C2 /* ViewControllerProvider.m */; };
		8043947B2ACAB2CC009305C2 /* UserDetailsStoreService.m in Sources */ = {isa = PBXBuildFile; fileRef = 8043947A2ACAB2CC009305C2 /* UserDetailsStoreService.m */; };
		804A30152AC404BE00EE5CC1 /* HttpRequestHandler.m in Sources */ = {isa = PBXBuildFile; fileRef = 804A30142AC404BE00EE5CC1 /* HttpRequestHandler.m */; };
		804A30182AC4088300EE5CC1 /* URLConstants.m in Sources */ = {isa = PBXBuildFile; fileRef = 804A30172AC4088300EE5CC1 /* URLConstants.m */; };
		804A301B2AC40D0800EE5CC1 /* CityModel.m in Sources */ = {isa = PBXBuildFile; fileRef = 804A301A2AC40D0800EE5CC1 /* CityModel.m */; };
		804A301E2AC4314800EE5CC1 /* WClimate.m in Sources */ = {isa = PBXBuildFile; fileRef = 804A301D2AC4314800EE5CC1 /* WClimate.m */; };
		804A30222AC44B9B00EE5CC1 /* DetailsViewController.m in Sources */ = {isa = PBXBuildFile; fileRef = 804A30212AC44B9B00EE5CC1 /* DetailsViewController.m */; };
		804A30252AC44FE300EE5CC1 /* ClimateCell.m in Sources */ = {isa = PBXBuildFile; fileRef = 804A30242AC44FE300EE5CC1 /* ClimateCell.m */; };
		80595B662AC1B0FD0027E03F /* RegisterViewController.m in Sources */ = {isa = PBXBuildFile; fileRef = 80595B652AC1B0FD0027E03F /* RegisterViewController.m */; };
		80595B692AC1B11F0027E03F /* ProfileViewController.m in Sources */ = {isa = PBXBuildFile; fileRef = 80595B682AC1B11F0027E03F /* ProfileViewController.m */; };
		80595B702AC1B4D30027E03F /* RegisterViewModel.m in Sources */ = {isa = PBXBuildFile; fileRef = 80595B6F2AC1B4D30027E03F /* RegisterViewModel.m */; };
		80595B732AC1B4E70027E03F /* ProfileViewModel.m in Sources */ = {isa = PBXBuildFile; fileRef = 80595B722AC1B4E70027E03F /* ProfileViewModel.m */; };
		80595B7D2AC1CADD0027E03F /* User.m in Sources */ = {isa = PBXBuildFile; fileRef = 80595B7C2AC1CADD0027E03F /* User.m */; };
		805E91872AC2E1A100E43EC3 /* UserAuthService.m in Sources */ = {isa = PBXBuildFile; fileRef = 805E91862AC2E1A100E43EC3 /* UserAuthService.m */; };
		805E918A2AC2E54B00E43EC3 /* ImageStorageService.m in Sources */ = {isa = PBXBuildFile; fileRef = 805E91892AC2E54B00E43EC3 /* ImageStorageService.m */; };
		8064FCA32AC9F2D800C51712 /* DetailsViewModel.m in Sources */ = {isa = PBXBuildFile; fileRef = 8064FCA22AC9F2D800C51712 /* DetailsViewModel.m */; };
		806F70C52ABF40A500560700 /* AppDelegate.m in Sources */ = {isa = PBXBuildFile; fileRef = 806F70C42ABF40A500560700 /* AppDelegate.m */; };
		806F70C82ABF40A500560700 /* SceneDelegate.m in Sources */ = {isa = PBXBuildFile; fileRef = 806F70C72ABF40A500560700 /* SceneDelegate.m */; };
		806F70CB2ABF40A500560700 /* LoginViewController.m in Sources */ = {isa = PBXBuildFile; fileRef = 806F70CA2ABF40A500560700 /* LoginViewController.m */; };
		806F70CE2ABF40A500560700 /* Main.storyboard in Resources */ = {isa = PBXBuildFile; fileRef = 806F70CC2ABF40A500560700 /* Main.storyboard */; };
		806F70D02ABF40A600560700 /* Assets.xcassets in Resources */ = {isa = PBXBuildFile; fileRef = 806F70CF2ABF40A600560700 /* Assets.xcassets */; };
		806F70D32ABF40A600560700 /* LaunchScreen.storyboard in Resources */ = {isa = PBXBuildFile; fileRef = 806F70D12ABF40A600560700 /* LaunchScreen.storyboard */; };
		806F70D62ABF40A600560700 /* main.m in Sources */ = {isa = PBXBuildFile; fileRef = 806F70D52ABF40A600560700 /* main.m */; };
		806F70DE2ABF426100560700 /* LoginViewModel.m in Sources */ = {isa = PBXBuildFile; fileRef = 806F70DD2ABF426100560700 /* LoginViewModel.m */; };
		80B9EFB82AC20D5700DFFC36 /* GoogleService-Info.plist in Resources */ = {isa = PBXBuildFile; fileRef = 80B9EFB72AC20D5700DFFC36 /* GoogleService-Info.plist */; };
		EB303990706E155DC831E003 /* Pods_Weather.framework in Frameworks */ = {isa = PBXBuildFile; fileRef = 2A4E49B0BA22429B096B4F5A /* Pods_Weather.framework */; };
/* End PBXBuildFile section */

/* Begin PBXFileReference section */
		2A4E49B0BA22429B096B4F5A /* Pods_Weather.framework */ = {isa = PBXFileReference; explicitFileType = wrapper.framework; includeInIndex = 0; path = Pods_Weather.framework; sourceTree = BUILT_PRODUCTS_DIR; };
		532C11FF4050B0481E6A0472 /* Pods-Weather.release.xcconfig */ = {isa = PBXFileReference; includeInIndex = 1; lastKnownFileType = text.xcconfig; name = "Pods-Weather.release.xcconfig"; path = "Target Support Files/Pods-Weather/Pods-Weather.release.xcconfig"; sourceTree = "<group>"; };
		804394762ACAA143009305C2 /* ViewControllerProvider.h */ = {isa = PBXFileReference; lastKnownFileType = sourcecode.c.h; path = ViewControllerProvider.h; sourceTree = "<group>"; };
		804394772ACAA143009305C2 /* ViewControllerProvider.m */ = {isa = PBXFileReference; lastKnownFileType = sourcecode.c.objc; path = ViewControllerProvider.m; sourceTree = "<group>"; };
		804394792ACAB2CC009305C2 /* UserDetailsStoreService.h */ = {isa = PBXFileReference; lastKnownFileType = sourcecode.c.h; path = UserDetailsStoreService.h; sourceTree = "<group>"; };
		8043947A2ACAB2CC009305C2 /* UserDetailsStoreService.m */ = {isa = PBXFileReference; lastKnownFileType = sourcecode.c.objc; path = UserDetailsStoreService.m; sourceTree = "<group>"; };
		804A30132AC404BE00EE5CC1 /* HttpRequestHandler.h */ = {isa = PBXFileReference; lastKnownFileType = sourcecode.c.h; path = HttpRequestHandler.h; sourceTree = "<group>"; };
		804A30142AC404BE00EE5CC1 /* HttpRequestHandler.m */ = {isa = PBXFileReference; lastKnownFileType = sourcecode.c.objc; path = HttpRequestHandler.m; sourceTree = "<group>"; };
		804A30162AC4088300EE5CC1 /* URLConstants.h */ = {isa = PBXFileReference; lastKnownFileType = sourcecode.c.h; path = URLConstants.h; sourceTree = "<group>"; };
		804A30172AC4088300EE5CC1 /* URLConstants.m */ = {isa = PBXFileReference; lastKnownFileType = sourcecode.c.objc; path = URLConstants.m; sourceTree = "<group>"; };
		804A30192AC40D0800EE5CC1 /* CityModel.h */ = {isa = PBXFileReference; lastKnownFileType = sourcecode.c.h; path = CityModel.h; sourceTree = "<group>"; };
		804A301A2AC40D0800EE5CC1 /* CityModel.m */ = {isa = PBXFileReference; lastKnownFileType = sourcecode.c.objc; path = CityModel.m; sourceTree = "<group>"; };
		804A301C2AC4314800EE5CC1 /* WClimate.h */ = {isa = PBXFileReference; lastKnownFileType = sourcecode.c.h; path = WClimate.h; sourceTree = "<group>"; };
		804A301D2AC4314800EE5CC1 /* WClimate.m */ = {isa = PBXFileReference; lastKnownFileType = sourcecode.c.objc; path = WClimate.m; sourceTree = "<group>"; };
		804A30202AC44B9B00EE5CC1 /* DetailsViewController.h */ = {isa = PBXFileReference; lastKnownFileType = sourcecode.c.h; path = DetailsViewController.h; sourceTree = "<group>"; };
		804A30212AC44B9B00EE5CC1 /* DetailsViewController.m */ = {isa = PBXFileReference; lastKnownFileType = sourcecode.c.objc; path = DetailsViewController.m; sourceTree = "<group>"; };
		804A30232AC44FE300EE5CC1 /* ClimateCell.h */ = {isa = PBXFileReference; lastKnownFileType = sourcecode.c.h; path = ClimateCell.h; sourceTree = "<group>"; };
		804A30242AC44FE300EE5CC1 /* ClimateCell.m */ = {isa = PBXFileReference; lastKnownFileType = sourcecode.c.objc; path = ClimateCell.m; sourceTree = "<group>"; };
		80595B642AC1B0FD0027E03F /* RegisterViewController.h */ = {isa = PBXFileReference; lastKnownFileType = sourcecode.c.h; path = RegisterViewController.h; sourceTree = "<group>"; };
		80595B652AC1B0FD0027E03F /* RegisterViewController.m */ = {isa = PBXFileReference; lastKnownFileType = sourcecode.c.objc; path = RegisterViewController.m; sourceTree = "<group>"; };
		80595B672AC1B11F0027E03F /* ProfileViewController.h */ = {isa = PBXFileReference; lastKnownFileType = sourcecode.c.h; path = ProfileViewController.h; sourceTree = "<group>"; };
		80595B682AC1B11F0027E03F /* ProfileViewController.m */ = {isa = PBXFileReference; lastKnownFileType = sourcecode.c.objc; path = ProfileViewController.m; sourceTree = "<group>"; };
		80595B6E2AC1B4D30027E03F /* RegisterViewModel.h */ = {isa = PBXFileReference; lastKnownFileType = sourcecode.c.h; path = RegisterViewModel.h; sourceTree = "<group>"; };
		80595B6F2AC1B4D30027E03F /* RegisterViewModel.m */ = {isa = PBXFileReference; lastKnownFileType = sourcecode.c.objc; path = RegisterViewModel.m; sourceTree = "<group>"; };
		80595B712AC1B4E70027E03F /* ProfileViewModel.h */ = {isa = PBXFileReference; lastKnownFileType = sourcecode.c.h; path = ProfileViewModel.h; sourceTree = "<group>"; };
		80595B722AC1B4E70027E03F /* ProfileViewModel.m */ = {isa = PBXFileReference; lastKnownFileType = sourcecode.c.objc; path = ProfileViewModel.m; sourceTree = "<group>"; };
		80595B7B2AC1CADD0027E03F /* User.h */ = {isa = PBXFileReference; lastKnownFileType = sourcecode.c.h; path = User.h; sourceTree = "<group>"; };
		80595B7C2AC1CADD0027E03F /* User.m */ = {isa = PBXFileReference; lastKnownFileType = sourcecode.c.objc; path = User.m; sourceTree = "<group>"; };
		805E91852AC2E1A100E43EC3 /* UserAuthService.h */ = {isa = PBXFileReference; lastKnownFileType = sourcecode.c.h; path = UserAuthService.h; sourceTree = "<group>"; };
		805E91862AC2E1A100E43EC3 /* UserAuthService.m */ = {isa = PBXFileReference; lastKnownFileType = sourcecode.c.objc; path = UserAuthService.m; sourceTree = "<group>"; };
		805E91882AC2E54B00E43EC3 /* ImageStorageService.h */ = {isa = PBXFileReference; lastKnownFileType = sourcecode.c.h; path = ImageStorageService.h; sourceTree = "<group>"; };
		805E91892AC2E54B00E43EC3 /* ImageStorageService.m */ = {isa = PBXFileReference; lastKnownFileType = sourcecode.c.objc; path = ImageStorageService.m; sourceTree = "<group>"; };
		8064FCA12AC9F2D800C51712 /* DetailsViewModel.h */ = {isa = PBXFileReference; lastKnownFileType = sourcecode.c.h; path = DetailsViewModel.h; sourceTree = "<group>"; };
		8064FCA22AC9F2D800C51712 /* DetailsViewModel.m */ = {isa = PBXFileReference; lastKnownFileType = sourcecode.c.objc; path = DetailsViewModel.m; sourceTree = "<group>"; };
		806F70C02ABF40A500560700 /* Weather.app */ = {isa = PBXFileReference; explicitFileType = wrapper.application; includeInIndex = 0; path = Weather.app; sourceTree = BUILT_PRODUCTS_DIR; };
		806F70C32ABF40A500560700 /* AppDelegate.h */ = {isa = PBXFileReference; lastKnownFileType = sourcecode.c.h; path = AppDelegate.h; sourceTree = "<group>"; };
		806F70C42ABF40A500560700 /* AppDelegate.m */ = {isa = PBXFileReference; lastKnownFileType = sourcecode.c.objc; path = AppDelegate.m; sourceTree = "<group>"; };
		806F70C62ABF40A500560700 /* SceneDelegate.h */ = {isa = PBXFileReference; lastKnownFileType = sourcecode.c.h; path = SceneDelegate.h; sourceTree = "<group>"; };
		806F70C72ABF40A500560700 /* SceneDelegate.m */ = {isa = PBXFileReference; lastKnownFileType = sourcecode.c.objc; path = SceneDelegate.m; sourceTree = "<group>"; };
		806F70C92ABF40A500560700 /* LoginViewController.h */ = {isa = PBXFileReference; lastKnownFileType = sourcecode.c.h; path = LoginViewController.h; sourceTree = "<group>"; };
		806F70CA2ABF40A500560700 /* LoginViewController.m */ = {isa = PBXFileReference; lastKnownFileType = sourcecode.c.objc; path = LoginViewController.m; sourceTree = "<group>"; };
		806F70CD2ABF40A500560700 /* Base */ = {isa = PBXFileReference; lastKnownFileType = file.storyboard; name = Base; path = Base.lproj/Main.storyboard; sourceTree = "<group>"; };
		806F70CF2ABF40A600560700 /* Assets.xcassets */ = {isa = PBXFileReference; lastKnownFileType = folder.assetcatalog; path = Assets.xcassets; sourceTree = "<group>"; };
		806F70D22ABF40A600560700 /* Base */ = {isa = PBXFileReference; lastKnownFileType = file.storyboard; name = Base; path = Base.lproj/LaunchScreen.storyboard; sourceTree = "<group>"; };
		806F70D42ABF40A600560700 /* Info.plist */ = {isa = PBXFileReference; lastKnownFileType = text.plist.xml; path = Info.plist; sourceTree = "<group>"; };
		806F70D52ABF40A600560700 /* main.m */ = {isa = PBXFileReference; lastKnownFileType = sourcecode.c.objc; path = main.m; sourceTree = "<group>"; };
		806F70DC2ABF426100560700 /* LoginViewModel.h */ = {isa = PBXFileReference; lastKnownFileType = sourcecode.c.h; path = LoginViewModel.h; sourceTree = "<group>"; };
		806F70DD2ABF426100560700 /* LoginViewModel.m */ = {isa = PBXFileReference; lastKnownFileType = sourcecode.c.objc; path = LoginViewModel.m; sourceTree = "<group>"; };
		80B9EFB72AC20D5700DFFC36 /* GoogleService-Info.plist */ = {isa = PBXFileReference; fileEncoding = 4; lastKnownFileType = text.plist.xml; path = "GoogleService-Info.plist"; sourceTree = "<group>"; };
		A0282717C67E718C7206C7E6 /* Pods-Weather.debug.xcconfig */ = {isa = PBXFileReference; includeInIndex = 1; lastKnownFileType = text.xcconfig; name = "Pods-Weather.debug.xcconfig"; path = "Target Support Files/Pods-Weather/Pods-Weather.debug.xcconfig"; sourceTree = "<group>"; };
/* End PBXFileReference section */

/* Begin PBXFrameworksBuildPhase section */
		806F70BD2ABF40A500560700 /* Frameworks */ = {
			isa = PBXFrameworksBuildPhase;
			buildActionMask = 2147483647;
			files = (
				EB303990706E155DC831E003 /* Pods_Weather.framework in Frameworks */,
			);
			runOnlyForDeploymentPostprocessing = 0;
		};
/* End PBXFrameworksBuildPhase section */

/* Begin PBXGroup section */
		804A301F2AC44B5F00EE5CC1 /* WheatherDetails */ = {
			isa = PBXGroup;
			children = (
				804A30202AC44B9B00EE5CC1 /* DetailsViewController.h */,
				804A30212AC44B9B00EE5CC1 /* DetailsViewController.m */,
				8064FCA12AC9F2D800C51712 /* DetailsViewModel.h */,
				8064FCA22AC9F2D800C51712 /* DetailsViewModel.m */,
			);
			name = WheatherDetails;
			sourceTree = "<group>";
		};
		804A30262AC475BC00EE5CC1 /* Services */ = {
			isa = PBXGroup;
			children = (
				805E91852AC2E1A100E43EC3 /* UserAuthService.h */,
				805E91862AC2E1A100E43EC3 /* UserAuthService.m */,
				804394792ACAB2CC009305C2 /* UserDetailsStoreService.h */,
				8043947A2ACAB2CC009305C2 /* UserDetailsStoreService.m */,
				805E91882AC2E54B00E43EC3 /* ImageStorageService.h */,
				805E91892AC2E54B00E43EC3 /* ImageStorageService.m */,
				804A30132AC404BE00EE5CC1 /* HttpRequestHandler.h */,
				804A30142AC404BE00EE5CC1 /* HttpRequestHandler.m */,
			);
			name = Services;
			sourceTree = "<group>";
		};
		804A30272AC475D800EE5CC1 /* Models */ = {
			isa = PBXGroup;
			children = (
				80595B7B2AC1CADD0027E03F /* User.h */,
				80595B7C2AC1CADD0027E03F /* User.m */,
				804A30192AC40D0800EE5CC1 /* CityModel.h */,
				804A301A2AC40D0800EE5CC1 /* CityModel.m */,
				804A301C2AC4314800EE5CC1 /* WClimate.h */,
				804A301D2AC4314800EE5CC1 /* WClimate.m */,
			);
			name = Models;
			sourceTree = "<group>";
		};
		80595B6B2AC1B46C0027E03F /* Login */ = {
			isa = PBXGroup;
			children = (
				806F70C92ABF40A500560700 /* LoginViewController.h */,
				806F70CA2ABF40A500560700 /* LoginViewController.m */,
				806F70DC2ABF426100560700 /* LoginViewModel.h */,
				806F70DD2ABF426100560700 /* LoginViewModel.m */,
			);
			name = Login;
			sourceTree = "<group>";
		};
		80595B6C2AC1B4920027E03F /* Register */ = {
			isa = PBXGroup;
			children = (
				80595B642AC1B0FD0027E03F /* RegisterViewController.h */,
				80595B652AC1B0FD0027E03F /* RegisterViewController.m */,
				80595B6E2AC1B4D30027E03F /* RegisterViewModel.h */,
				80595B6F2AC1B4D30027E03F /* RegisterViewModel.m */,
				804A30162AC4088300EE5CC1 /* URLConstants.h */,
				804A30172AC4088300EE5CC1 /* URLConstants.m */,
			);
			name = Register;
			sourceTree = "<group>";
		};
		80595B6D2AC1B4A60027E03F /* Profile */ = {
			isa = PBXGroup;
			children = (
				80595B672AC1B11F0027E03F /* ProfileViewController.h */,
				80595B682AC1B11F0027E03F /* ProfileViewController.m */,
				80595B712AC1B4E70027E03F /* ProfileViewModel.h */,
				80595B722AC1B4E70027E03F /* ProfileViewModel.m */,
				804A30232AC44FE300EE5CC1 /* ClimateCell.h */,
				804A30242AC44FE300EE5CC1 /* ClimateCell.m */,
			);
			name = Profile;
			sourceTree = "<group>";
		};
		806F70B72ABF40A500560700 = {
			isa = PBXGroup;
			children = (
				806F70C22ABF40A500560700 /* Weather */,
				806F70C12ABF40A500560700 /* Products */,
				C45C55D36930434D7824D619 /* Pods */,
				A78DB82DDAC0A34EBB5BA4FC /* Frameworks */,
			);
			sourceTree = "<group>";
		};
		806F70C12ABF40A500560700 /* Products */ = {
			isa = PBXGroup;
			children = (
				806F70C02ABF40A500560700 /* Weather.app */,
			);
			name = Products;
			sourceTree = "<group>";
		};
		806F70C22ABF40A500560700 /* Weather */ = {
			isa = PBXGroup;
			children = (
				804A30272AC475D800EE5CC1 /* Models */,
				804A30262AC475BC00EE5CC1 /* Services */,
				80595B6B2AC1B46C0027E03F /* Login */,
				80595B6C2AC1B4920027E03F /* Register */,
				80595B6D2AC1B4A60027E03F /* Profile */,
				804A301F2AC44B5F00EE5CC1 /* WheatherDetails */,
				804394762ACAA143009305C2 /* ViewControllerProvider.h */,
				804394772ACAA143009305C2 /* ViewControllerProvider.m */,
				806F70C32ABF40A500560700 /* AppDelegate.h */,
				806F70C42ABF40A500560700 /* AppDelegate.m */,
				806F70C62ABF40A500560700 /* SceneDelegate.h */,
				806F70C72ABF40A500560700 /* SceneDelegate.m */,
				806F70CC2ABF40A500560700 /* Main.storyboard */,
				806F70CF2ABF40A600560700 /* Assets.xcassets */,
				806F70D12ABF40A600560700 /* LaunchScreen.storyboard */,
				806F70D42ABF40A600560700 /* Info.plist */,
				806F70D52ABF40A600560700 /* main.m */,
				80B9EFB72AC20D5700DFFC36 /* GoogleService-Info.plist */,
			);
			path = Weather;
			sourceTree = "<group>";
		};
		A78DB82DDAC0A34EBB5BA4FC /* Frameworks */ = {
			isa = PBXGroup;
			children = (
				2A4E49B0BA22429B096B4F5A /* Pods_Weather.framework */,
			);
			name = Frameworks;
			sourceTree = "<group>";
		};
		C45C55D36930434D7824D619 /* Pods */ = {
			isa = PBXGroup;
			children = (
				A0282717C67E718C7206C7E6 /* Pods-Weather.debug.xcconfig */,
				532C11FF4050B0481E6A0472 /* Pods-Weather.release.xcconfig */,
			);
			path = Pods;
			sourceTree = "<group>";
		};
/* End PBXGroup section */

/* Begin PBXNativeTarget section */
		806F70BF2ABF40A500560700 /* Weather */ = {
			isa = PBXNativeTarget;
			buildConfigurationList = 806F70D92ABF40A600560700 /* Build configuration list for PBXNativeTarget "Weather" */;
			buildPhases = (
				2C3EEFDC80A4DE4313FB1D55 /* [CP] Check Pods Manifest.lock */,
				806F70BC2ABF40A500560700 /* Sources */,
				806F70BD2ABF40A500560700 /* Frameworks */,
				806F70BE2ABF40A500560700 /* Resources */,
				44BFB735EC3A05A955C13E32 /* [CP] Embed Pods Frameworks */,
			);
			buildRules = (
			);
			dependencies = (
			);
			name = Weather;
			productName = Weather;
			productReference = 806F70C02ABF40A500560700 /* Weather.app */;
			productType = "com.apple.product-type.application";
		};
/* End PBXNativeTarget section */

/* Begin PBXProject section */
		806F70B82ABF40A500560700 /* Project object */ = {
			isa = PBXProject;
			attributes = {
				BuildIndependentTargetsInParallel = 1;
				LastUpgradeCheck = 1340;
				TargetAttributes = {
					806F70BF2ABF40A500560700 = {
						CreatedOnToolsVersion = 13.4.1;
					};
				};
			};
			buildConfigurationList = 806F70BB2ABF40A500560700 /* Build configuration list for PBXProject "Weather" */;
			compatibilityVersion = "Xcode 13.0";
			developmentRegion = en;
			hasScannedForEncodings = 0;
			knownRegions = (
				en,
				Base,
			);
			mainGroup = 806F70B72ABF40A500560700;
			productRefGroup = 806F70C12ABF40A500560700 /* Products */;
			projectDirPath = "";
			projectRoot = "";
			targets = (
				806F70BF2ABF40A500560700 /* Weather */,
			);
		};
/* End PBXProject section */

/* Begin PBXResourcesBuildPhase section */
		806F70BE2ABF40A500560700 /* Resources */ = {
			isa = PBXResourcesBuildPhase;
			buildActionMask = 2147483647;
			files = (
				806F70D32ABF40A600560700 /* LaunchScreen.storyboard in Resources */,
				806F70D02ABF40A600560700 /* Assets.xcassets in Resources */,
				806F70CE2ABF40A500560700 /* Main.storyboard in Resources */,
				80B9EFB82AC20D5700DFFC36 /* GoogleService-Info.plist in Resources */,
			);
			runOnlyForDeploymentPostprocessing = 0;
		};
/* End PBXResourcesBuildPhase section */

/* Begin PBXShellScriptBuildPhase section */
		2C3EEFDC80A4DE4313FB1D55 /* [CP] Check Pods Manifest.lock */ = {
			isa = PBXShellScriptBuildPhase;
			buildActionMask = 2147483647;
			files = (
			);
			inputFileListPaths = (
			);
			inputPaths = (
				"${PODS_PODFILE_DIR_PATH}/Podfile.lock",
				"${PODS_ROOT}/Manifest.lock",
			);
			name = "[CP] Check Pods Manifest.lock";
			outputFileListPaths = (
			);
			outputPaths = (
				"$(DERIVED_FILE_DIR)/Pods-Weather-checkManifestLockResult.txt",
			);
			runOnlyForDeploymentPostprocessing = 0;
			shellPath = /bin/sh;
			shellScript = "diff \"${PODS_PODFILE_DIR_PATH}/Podfile.lock\" \"${PODS_ROOT}/Manifest.lock\" > /dev/null\nif [ $? != 0 ] ; then\n    # print error to STDERR\n    echo \"error: The sandbox is not in sync with the Podfile.lock. Run 'pod install' or update your CocoaPods installation.\" >&2\n    exit 1\nfi\n# This output is used by Xcode 'outputs' to avoid re-running this script phase.\necho \"SUCCESS\" > \"${SCRIPT_OUTPUT_FILE_0}\"\n";
			showEnvVarsInLog = 0;
		};
		44BFB735EC3A05A955C13E32 /* [CP] Embed Pods Frameworks */ = {
			isa = PBXShellScriptBuildPhase;
			buildActionMask = 2147483647;
			files = (
			);
			inputFileListPaths = (
				"${PODS_ROOT}/Target Support Files/Pods-Weather/Pods-Weather-frameworks-${CONFIGURATION}-input-files.xcfilelist",
			);
			name = "[CP] Embed Pods Frameworks";
			outputFileListPaths = (
				"${PODS_ROOT}/Target Support Files/Pods-Weather/Pods-Weather-frameworks-${CONFIGURATION}-output-files.xcfilelist",
			);
			runOnlyForDeploymentPostprocessing = 0;
			shellPath = /bin/sh;
			shellScript = "\"${PODS_ROOT}/Target Support Files/Pods-Weather/Pods-Weather-frameworks.sh\"\n";
			showEnvVarsInLog = 0;
		};
/* End PBXShellScriptBuildPhase section */

/* Begin PBXSourcesBuildPhase section */
		806F70BC2ABF40A500560700 /* Sources */ = {
			isa = PBXSourcesBuildPhase;
			buildActionMask = 2147483647;
			files = (
				80595B7D2AC1CADD0027E03F /* User.m in Sources */,
				806F70CB2ABF40A500560700 /* LoginViewController.m in Sources */,
				804A30152AC404BE00EE5CC1 /* HttpRequestHandler.m in Sources */,
				80595B662AC1B0FD0027E03F /* RegisterViewController.m in Sources */,
				804A301B2AC40D0800EE5CC1 /* CityModel.m in Sources */,
				806F70C52ABF40A500560700 /* AppDelegate.m in Sources */,
				806F70D62ABF40A600560700 /* main.m in Sources */,
				805E918A2AC2E54B00E43EC3 /* ImageStorageService.m in Sources */,
				80595B692AC1B11F0027E03F /* ProfileViewController.m in Sources */,
				804A301E2AC4314800EE5CC1 /* WClimate.m in Sources */,
				804A30222AC44B9B00EE5CC1 /* DetailsViewController.m in Sources */,
				806F70DE2ABF426100560700 /* LoginViewModel.m in Sources */,
				804A30182AC4088300EE5CC1 /* URLConstants.m in Sources */,
				804A30252AC44FE300EE5CC1 /* ClimateCell.m in Sources */,
				806F70C82ABF40A500560700 /* SceneDelegate.m in Sources */,
				80595B702AC1B4D30027E03F /* RegisterViewModel.m in Sources */,
				8064FCA32AC9F2D800C51712 /* DetailsViewModel.m in Sources */,
				805E91872AC2E1A100E43EC3 /* UserAuthService.m in Sources */,
				80595B732AC1B4E70027E03F /* ProfileViewModel.m in Sources */,
				804394782ACAA143009305C2 /* ViewControllerProvider.m in Sources */,
				8043947B2ACAB2CC009305C2 /* UserDetailsStoreService.m in Sources */,
			);
			runOnlyForDeploymentPostprocessing = 0;
		};
/* End PBXSourcesBuildPhase section */

/* Begin PBXVariantGroup section */
		806F70CC2ABF40A500560700 /* Main.storyboard */ = {
			isa = PBXVariantGroup;
			children = (
				806F70CD2ABF40A500560700 /* Base */,
			);
			name = Main.storyboard;
			sourceTree = "<group>";
		};
		806F70D12ABF40A600560700 /* LaunchScreen.storyboard */ = {
			isa = PBXVariantGroup;
			children = (
				806F70D22ABF40A600560700 /* Base */,
			);
			name = LaunchScreen.storyboard;
			sourceTree = "<group>";
		};
/* End PBXVariantGroup section */

/* Begin XCBuildConfiguration section */
		806F70D72ABF40A600560700 /* Debug */ = {
			isa = XCBuildConfiguration;
			buildSettings = {
				ALWAYS_SEARCH_USER_PATHS = NO;
				CLANG_ANALYZER_NONNULL = YES;
				CLANG_ANALYZER_NUMBER_OBJECT_CONVERSION = YES_AGGRESSIVE;
				CLANG_CXX_LANGUAGE_STANDARD = "gnu++17";
				CLANG_ENABLE_MODULES = YES;
				CLANG_ENABLE_OBJC_ARC = YES;
				CLANG_ENABLE_OBJC_WEAK = YES;
				CLANG_WARN_BLOCK_CAPTURE_AUTORELEASING = YES;
				CLANG_WARN_BOOL_CONVERSION = YES;
				CLANG_WARN_COMMA = YES;
				CLANG_WARN_CONSTANT_CONVERSION = YES;
				CLANG_WARN_DEPRECATED_OBJC_IMPLEMENTATIONS = YES;
				CLANG_WARN_DIRECT_OBJC_ISA_USAGE = YES_ERROR;
				CLANG_WARN_DOCUMENTATION_COMMENTS = YES;
				CLANG_WARN_EMPTY_BODY = YES;
				CLANG_WARN_ENUM_CONVERSION = YES;
				CLANG_WARN_INFINITE_RECURSION = YES;
				CLANG_WARN_INT_CONVERSION = YES;
				CLANG_WARN_NON_LITERAL_NULL_CONVERSION = YES;
				CLANG_WARN_OBJC_IMPLICIT_RETAIN_SELF = YES;
				CLANG_WARN_OBJC_LITERAL_CONVERSION = YES;
				CLANG_WARN_OBJC_ROOT_CLASS = YES_ERROR;
				CLANG_WARN_QUOTED_INCLUDE_IN_FRAMEWORK_HEADER = YES;
				CLANG_WARN_RANGE_LOOP_ANALYSIS = YES;
				CLANG_WARN_STRICT_PROTOTYPES = YES;
				CLANG_WARN_SUSPICIOUS_MOVE = YES;
				CLANG_WARN_UNGUARDED_AVAILABILITY = YES_AGGRESSIVE;
				CLANG_WARN_UNREACHABLE_CODE = YES;
				CLANG_WARN__DUPLICATE_METHOD_MATCH = YES;
				COPY_PHASE_STRIP = NO;
				DEBUG_INFORMATION_FORMAT = dwarf;
				ENABLE_STRICT_OBJC_MSGSEND = YES;
				ENABLE_TESTABILITY = YES;
				GCC_C_LANGUAGE_STANDARD = gnu11;
				GCC_DYNAMIC_NO_PIC = NO;
				GCC_NO_COMMON_BLOCKS = YES;
				GCC_OPTIMIZATION_LEVEL = 0;
				GCC_PREPROCESSOR_DEFINITIONS = (
					"DEBUG=1",
					"$(inherited)",
				);
				GCC_WARN_64_TO_32_BIT_CONVERSION = YES;
				GCC_WARN_ABOUT_RETURN_TYPE = YES_ERROR;
				GCC_WARN_UNDECLARED_SELECTOR = YES;
				GCC_WARN_UNINITIALIZED_AUTOS = YES_AGGRESSIVE;
				GCC_WARN_UNUSED_FUNCTION = YES;
				GCC_WARN_UNUSED_VARIABLE = YES;
				IPHONEOS_DEPLOYMENT_TARGET = 15.5;
				MTL_ENABLE_DEBUG_INFO = INCLUDE_SOURCE;
				MTL_FAST_MATH = YES;
				ONLY_ACTIVE_ARCH = YES;
				SDKROOT = iphoneos;
			};
			name = Debug;
		};
		806F70D82ABF40A600560700 /* Release */ = {
			isa = XCBuildConfiguration;
			buildSettings = {
				ALWAYS_SEARCH_USER_PATHS = NO;
				CLANG_ANALYZER_NONNULL = YES;
				CLANG_ANALYZER_NUMBER_OBJECT_CONVERSION = YES_AGGRESSIVE;
				CLANG_CXX_LANGUAGE_STANDARD = "gnu++17";
				CLANG_ENABLE_MODULES = YES;
				CLANG_ENABLE_OBJC_ARC = YES;
				CLANG_ENABLE_OBJC_WEAK = YES;
				CLANG_WARN_BLOCK_CAPTURE_AUTORELEASING = YES;
				CLANG_WARN_BOOL_CONVERSION = YES;
				CLANG_WARN_COMMA = YES;
				CLANG_WARN_CONSTANT_CONVERSION = YES;
				CLANG_WARN_DEPRECATED_OBJC_IMPLEMENTATIONS = YES;
				CLANG_WARN_DIRECT_OBJC_ISA_USAGE = YES_ERROR;
				CLANG_WARN_DOCUMENTATION_COMMENTS = YES;
				CLANG_WARN_EMPTY_BODY = YES;
				CLANG_WARN_ENUM_CONVERSION = YES;
				CLANG_WARN_INFINITE_RECURSION = YES;
				CLANG_WARN_INT_CONVERSION = YES;
				CLANG_WARN_NON_LITERAL_NULL_CONVERSION = YES;
				CLANG_WARN_OBJC_IMPLICIT_RETAIN_SELF = YES;
				CLANG_WARN_OBJC_LITERAL_CONVERSION = YES;
				CLANG_WARN_OBJC_ROOT_CLASS = YES_ERROR;
				CLANG_WARN_QUOTED_INCLUDE_IN_FRAMEWORK_HEADER = YES;
				CLANG_WARN_RANGE_LOOP_ANALYSIS = YES;
				CLANG_WARN_STRICT_PROTOTYPES = YES;
				CLANG_WARN_SUSPICIOUS_MOVE = YES;
				CLANG_WARN_UNGUARDED_AVAILABILITY = YES_AGGRESSIVE;
				CLANG_WARN_UNREACHABLE_CODE = YES;
				CLANG_WARN__DUPLICATE_METHOD_MATCH = YES;
				COPY_PHASE_STRIP = NO;
				DEBUG_INFORMATION_FORMAT = "dwarf-with-dsym";
				ENABLE_NS_ASSERTIONS = NO;
				ENABLE_STRICT_OBJC_MSGSEND = YES;
				GCC_C_LANGUAGE_STANDARD = gnu11;
				GCC_NO_COMMON_BLOCKS = YES;
				GCC_WARN_64_TO_32_BIT_CONVERSION = YES;
				GCC_WARN_ABOUT_RETURN_TYPE = YES_ERROR;
				GCC_WARN_UNDECLARED_SELECTOR = YES;
				GCC_WARN_UNINITIALIZED_AUTOS = YES_AGGRESSIVE;
				GCC_WARN_UNUSED_FUNCTION = YES;
				GCC_WARN_UNUSED_VARIABLE = YES;
				IPHONEOS_DEPLOYMENT_TARGET = 15.5;
				MTL_ENABLE_DEBUG_INFO = NO;
				MTL_FAST_MATH = YES;
				SDKROOT = iphoneos;
				VALIDATE_PRODUCT = YES;
			};
			name = Release;
		};
		806F70DA2ABF40A600560700 /* Debug */ = {
			isa = XCBuildConfiguration;
			baseConfigurationReference = A0282717C67E718C7206C7E6 /* Pods-Weather.debug.xcconfig */;
			buildSettings = {
				ASSETCATALOG_COMPILER_APPICON_NAME = AppIcon;
				ASSETCATALOG_COMPILER_GLOBAL_ACCENT_COLOR_NAME = AccentColor;
				CODE_SIGN_IDENTITY = "Apple Development";
				CODE_SIGN_STYLE = Automatic;
				CURRENT_PROJECT_VERSION = 1;
				DEVELOPMENT_TEAM = GV7RKYZWWR;
				GENERATE_INFOPLIST_FILE = YES;
				INFOPLIST_FILE = Weather/Info.plist;
				INFOPLIST_KEY_NSCameraUsageDescription = "We need access to the camera to take photos.";
				INFOPLIST_KEY_UIApplicationSupportsIndirectInputEvents = YES;
				INFOPLIST_KEY_UILaunchStoryboardName = LaunchScreen;
				INFOPLIST_KEY_UIMainStoryboardFile = Main;
				INFOPLIST_KEY_UISupportedInterfaceOrientations_iPad = "UIInterfaceOrientationPortrait UIInterfaceOrientationPortraitUpsideDown UIInterfaceOrientationLandscapeLeft UIInterfaceOrientationLandscapeRight";
				INFOPLIST_KEY_UISupportedInterfaceOrientations_iPhone = "UIInterfaceOrientationPortrait UIInterfaceOrientationLandscapeLeft UIInterfaceOrientationLandscapeRight";
				LD_RUNPATH_SEARCH_PATHS = (
					"$(inherited)",
					"@executable_path/Frameworks",
				);
				MARKETING_VERSION = 1.0;
				PRODUCT_BUNDLE_IDENTIFIER = com.weather.rahul;
				PRODUCT_NAME = "$(TARGET_NAME)";
				PROVISIONING_PROFILE_SPECIFIER = "";
				SWIFT_EMIT_LOC_STRINGS = YES;
				TARGETED_DEVICE_FAMILY = "1,2";
			};
			name = Debug;
		};
		806F70DB2ABF40A600560700 /* Release */ = {
			isa = XCBuildConfiguration;
			baseConfigurationReference = 532C11FF4050B0481E6A0472 /* Pods-Weather.release.xcconfig */;
			buildSettings = {
				ASSETCATALOG_COMPILER_APPICON_NAME = AppIcon;
				ASSETCATALOG_COMPILER_GLOBAL_ACCENT_COLOR_NAME = AccentColor;
				CODE_SIGN_STYLE = Automatic;
				CURRENT_PROJECT_VERSION = 1;
				DEVELOPMENT_TEAM = GV7RKYZWWR;
				GENERATE_INFOPLIST_FILE = YES;
				INFOPLIST_FILE = Weather/Info.plist;
				INFOPLIST_KEY_NSCameraUsageDescription = "We need access to the camera to take photos.";
				INFOPLIST_KEY_UIApplicationSupportsIndirectInputEvents = YES;
				INFOPLIST_KEY_UILaunchStoryboardName = LaunchScreen;
				INFOPLIST_KEY_UIMainStoryboardFile = Main;
				INFOPLIST_KEY_UISupportedInterfaceOrientations_iPad = "UIInterfaceOrientationPortrait UIInterfaceOrientationPortraitUpsideDown UIInterfaceOrientationLandscapeLeft UIInterfaceOrientationLandscapeRight";
				INFOPLIST_KEY_UISupportedInterfaceOrientations_iPhone = "UIInterfaceOrientationPortrait UIInterfaceOrientationLandscapeLeft UIInterfaceOrientationLandscapeRight";
				LD_RUNPATH_SEARCH_PATHS = (
					"$(inherited)",
					"@executable_path/Frameworks",
				);
				MARKETING_VERSION = 1.0;
				PRODUCT_BUNDLE_IDENTIFIER = com.weather.rahul;
				PRODUCT_NAME = "$(TARGET_NAME)";
				SWIFT_EMIT_LOC_STRINGS = YES;
				TARGETED_DEVICE_FAMILY = "1,2";
			};
			name = Release;
		};
/* End XCBuildConfiguration section */

/* Begin XCConfigurationList section */
		806F70BB2ABF40A500560700 /* Build configuration list for PBXProject "Weather" */ = {
			isa = XCConfigurationList;
			buildConfigurations = (
				806F70D72ABF40A600560700 /* Debug */,
				806F70D82ABF40A600560700 /* Release */,
			);
			defaultConfigurationIsVisible = 0;
			defaultConfigurationName = Release;
		};
		806F70D92ABF40A600560700 /* Build configuration list for PBXNativeTarget "Weather" */ = {
			isa = XCConfigurationList;
			buildConfigurations = (
				806F70DA2ABF40A600560700 /* Debug */,
				806F70DB2ABF40A600560700 /* Release */,
			);
			defaultConfigurationIsVisible = 0;
			defaultConfigurationName = Release;
		};
/* End XCConfigurationList section */
	};
	rootObject = 806F70B82ABF40A500560700 /* Project object */;
}
